
Microsoft Visual Studio Solution File, Format Version 12.00
# Visual Studio 15
VisualStudioVersion = 15.0.27428.2015
MinimumVisualStudioVersion = 10.0.40219.1
Project("{9A19103F-16F7-4668-BE54-9A1E7A4F7556}") = "CoreSchool.Web", "CoreSchool.Web\CoreSchool.Web.csproj", "{7E4C6918-0B9C-4123-AFEE-45F98E3C8C90}"
EndProject
Project("{9A19103F-16F7-4668-BE54-9A1E7A4F7556}") = "EFCoreTest", "EFCoreTest\EFCoreTest.csproj", "{56DF9E8E-1088-48AD-BA70-437FFCE32BBE}"
EndProject
Project("{9A19103F-16F7-4668-BE54-9A1E7A4F7556}") = "EFGetStarted.AspNetCore.NewDb", "EFGetStarted.AspNetCore.NewDb\EFGetStarted.AspNetCore.NewDb.csproj", "{E45D0CAD-898B-4767-85AA-E1A427C97E1B}"
EndProject
Project("{9A19103F-16F7-4668-BE54-9A1E7A4F7556}") = "efcoreConsole2", "efcoreConsole2\efcoreConsole2.csproj", "{C93DB50D-0EB1-40B4-BBEB-4DFFD8203D87}"
EndProject
Project("{9A19103F-16F7-4668-BE54-9A1E7A4F7556}") = "efcoreConsole3", "efcoreConsole3\efcoreConsole3.csproj", "{DB3637B2-B7A6-417A-A162-8429B1938046}"
EndProject
Project("{9A19103F-16F7-4668-BE54-9A1E7A4F7556}") = "efcoreConsole4", "efcoreConsole4\efcoreConsole4.csproj", "{6B00C863-39DE-4EA0-BF93-E8135C3332B1}"
EndProject
Project("{9A19103F-16F7-4668-BE54-9A1E7A4F7556}") = "coreApp1", "coreApp1\coreApp1.csproj", "{D222E558-B810-4024-B166-987C0186A7B5}"
EndProject
Project("{FAE04EC0-301F-11D3-BF4B-00C04F79EFBC}") = "CoreApp2", "CoreApp2\CoreApp2.csproj", "{196EA982-2905-42A0-AE09-C02E5D782E6A}"
EndProject
Project("{FAE04EC0-301F-11D3-BF4B-00C04F79EFBC}") = "Core.Service", "Core.Service\Core.Service.csproj", "{0D44D101-35B4-4C70-A768-101554CC3CF1}"
EndProject
Global
	GlobalSection(SolutionConfigurationPlatforms) = preSolution
		Debug|Any CPU = Debug|Any CPU
		Release|Any CPU = Release|Any CPU
	EndGlobalSection
	GlobalSection(ProjectConfigurationPlatforms) = postSolution
		{7E4C6918-0B9C-4123-AFEE-45F98E3C8C90}.Debug|Any CPU.ActiveCfg = Debug|Any CPU
		{7E4C6918-0B9C-4123-AFEE-45F98E3C8C90}.Debug|Any CPU.Build.0 = Debug|Any CPU
		{7E4C6918-0B9C-4123-AFEE-45F98E3C8C90}.Release|Any CPU.ActiveCfg = Release|Any CPU
		{7E4C6918-0B9C-4123-AFEE-45F98E3C8C90}.Release|Any CPU.Build.0 = Release|Any CPU
		{56DF9E8E-1088-48AD-BA70-437FFCE32BBE}.Debug|Any CPU.ActiveCfg = Debug|Any CPU
		{56DF9E8E-1088-48AD-BA70-437FFCE32BBE}.Debug|Any CPU.Build.0 = Debug|Any CPU
		{56DF9E8E-1088-48AD-BA70-437FFCE32BBE}.Release|Any CPU.ActiveCfg = Release|Any CPU
		{56DF9E8E-1088-48AD-BA70-437FFCE32BBE}.Release|Any CPU.Build.0 = Release|Any CPU
		{E45D0CAD-898B-4767-85AA-E1A427C97E1B}.Debug|Any CPU.ActiveCfg = Debug|Any CPU
		{E45D0CAD-898B-4767-85AA-E1A427C97E1B}.Debug|Any CPU.Build.0 = Debug|Any CPU
		{E45D0CAD-898B-4767-85AA-E1A427C97E1B}.Release|Any CPU.ActiveCfg = Release|Any CPU
		{E45D0CAD-898B-4767-85AA-E1A427C97E1B}.Release|Any CPU.Build.0 = Release|Any CPU
		{C93DB50D-0EB1-40B4-BBEB-4DFFD8203D87}.Debug|Any CPU.ActiveCfg = Debug|Any CPU
		{C93DB50D-0EB1-40B4-BBEB-4DFFD8203D87}.Debug|Any CPU.Build.0 = Debug|Any CPU
		{C93DB50D-0EB1-40B4-BBEB-4DFFD8203D87}.Release|Any CPU.ActiveCfg = Release|Any CPU
		{C93DB50D-0EB1-40B4-BBEB-4DFFD8203D87}.Release|Any CPU.Build.0 = Release|Any CPU
		{DB3637B2-B7A6-417A-A162-8429B1938046}.Debug|Any CPU.ActiveCfg = Debug|Any CPU
		{DB3637B2-B7A6-417A-A162-8429B1938046}.Debug|Any CPU.Build.0 = Debug|Any CPU
		{DB3637B2-B7A6-417A-A162-8429B1938046}.Release|Any CPU.ActiveCfg = Release|Any CPU
		{DB3637B2-B7A6-417A-A162-8429B1938046}.Release|Any CPU.Build.0 = Release|Any CPU
		{6B00C863-39DE-4EA0-BF93-E8135C3332B1}.Debug|Any CPU.ActiveCfg = Debug|Any CPU
		{6B00C863-39DE-4EA0-BF93-E8135C3332B1}.Debug|Any CPU.Build.0 = Debug|Any CPU
		{6B00C863-39DE-4EA0-BF93-E8135C3332B1}.Release|Any CPU.ActiveCfg = Release|Any CPU
		{6B00C863-39DE-4EA0-BF93-E8135C3332B1}.Release|Any CPU.Build.0 = Release|Any CPU
		{D222E558-B810-4024-B166-987C0186A7B5}.Debug|Any CPU.ActiveCfg = Debug|Any CPU
		{D222E558-B810-4024-B166-987C0186A7B5}.Debug|Any CPU.Build.0 = Debug|Any CPU
		{D222E558-B810-4024-B166-987C0186A7B5}.Release|Any CPU.ActiveCfg = Release|Any CPU
		{D222E558-B810-4024-B166-987C0186A7B5}.Release|Any CPU.Build.0 = Release|Any CPU
		{196EA982-2905-42A0-AE09-C02E5D782E6A}.Debug|Any CPU.ActiveCfg = Debug|Any CPU
		{196EA982-2905-42A0-AE09-C02E5D782E6A}.Debug|Any CPU.Build.0 = Debug|Any CPU
		{196EA982-2905-42A0-AE09-C02E5D782E6A}.Release|Any CPU.ActiveCfg = Release|Any CPU
		{196EA982-2905-42A0-AE09-C02E5D782E6A}.Release|Any CPU.Build.0 = Release|Any CPU
		{0D44D101-35B4-4C70-A768-101554CC3CF1}.Debug|Any CPU.ActiveCfg = Debug|Any CPU
		{0D44D101-35B4-4C70-A768-101554CC3CF1}.Debug|Any CPU.Build.0 = Debug|Any CPU
		{0D44D101-35B4-4C70-A768-101554CC3CF1}.Release|Any CPU.ActiveCfg = Release|Any CPU
		{0D44D101-35B4-4C70-A768-101554CC3CF1}.Release|Any CPU.Build.0 = Release|Any CPU
	EndGlobalSection
	GlobalSection(SolutionProperties) = preSolution
		HideSolutionNode = FALSE
	EndGlobalSection
	GlobalSection(ExtensibilityGlobals) = postSolution
		SolutionGuid = {0D63AF89-AC52-41E9-8D6F-11A9E12629E0}
	EndGlobalSection
EndGlobal
